
Microsoft Visual Studio Solution File, Format Version 12.00
# Visual Studio Version 16
VisualStudioVersion = 16.0.31911.196
MinimumVisualStudioVersion = 10.0.40219.1
Project("{9A19103F-16F7-4668-BE54-9A1E7A4F7556}") = "Albumi", "albumi\Albumi\Albumi.csproj", "{AB405C94-783D-4846-BDA4-67B26F015C5D}"
EndProject
Project("{9A19103F-16F7-4668-BE54-9A1E7A4F7556}") = "harjoitus2", "..\harjoitus2\harjoitus2.csproj", "{DFF7CC9F-1118-4D8E-A8D1-1176F325BA08}"
EndProject
Project("{9A19103F-16F7-4668-BE54-9A1E7A4F7556}") = "harjoitus3", "harjoitus3\harjoitus3.csproj", "{D11EA2A7-9984-44C7-9233-C36577175EBD}"
EndProject
Project("{FAE04EC0-301F-11D3-BF4B-00C04F79EFBC}") = "laskin", "laskin\laskin.csproj", "{9B95309E-B524-49B3-8815-E6573E748843}"
EndProject
Global
	GlobalSection(SolutionConfigurationPlatforms) = preSolution
		Debug|Any CPU = Debug|Any CPU
		Release|Any CPU = Release|Any CPU
	EndGlobalSection
	GlobalSection(ProjectConfigurationPlatforms) = postSolution
		{AB405C94-783D-4846-BDA4-67B26F015C5D}.Debug|Any CPU.ActiveCfg = Debug|Any CPU
		{AB405C94-783D-4846-BDA4-67B26F015C5D}.Debug|Any CPU.Build.0 = Debug|Any CPU
		{AB405C94-783D-4846-BDA4-67B26F015C5D}.Release|Any CPU.ActiveCfg = Release|Any CPU
		{AB405C94-783D-4846-BDA4-67B26F015C5D}.Release|Any CPU.Build.0 = Release|Any CPU
		{DFF7CC9F-1118-4D8E-A8D1-1176F325BA08}.Debug|Any CPU.ActiveCfg = Debug|Any CPU
		{DFF7CC9F-1118-4D8E-A8D1-1176F325BA08}.Debug|Any CPU.Build.0 = Debug|Any CPU
		{DFF7CC9F-1118-4D8E-A8D1-1176F325BA08}.Release|Any CPU.ActiveCfg = Release|Any CPU
		{DFF7CC9F-1118-4D8E-A8D1-1176F325BA08}.Release|Any CPU.Build.0 = Release|Any CPU
		{D11EA2A7-9984-44C7-9233-C36577175EBD}.Debug|Any CPU.ActiveCfg = Debug|Any CPU
		{D11EA2A7-9984-44C7-9233-C36577175EBD}.Debug|Any CPU.Build.0 = Debug|Any CPU
		{D11EA2A7-9984-44C7-9233-C36577175EBD}.Release|Any CPU.ActiveCfg = Release|Any CPU
		{D11EA2A7-9984-44C7-9233-C36577175EBD}.Release|Any CPU.Build.0 = Release|Any CPU
		{9B95309E-B524-49B3-8815-E6573E748843}.Debug|Any CPU.ActiveCfg = Debug|Any CPU
		{9B95309E-B524-49B3-8815-E6573E748843}.Debug|Any CPU.Build.0 = Debug|Any CPU
		{9B95309E-B524-49B3-8815-E6573E748843}.Release|Any CPU.ActiveCfg = Release|Any CPU
		{9B95309E-B524-49B3-8815-E6573E748843}.Release|Any CPU.Build.0 = Release|Any CPU
	EndGlobalSection
	GlobalSection(SolutionProperties) = preSolution
		HideSolutionNode = FALSE
	EndGlobalSection
	GlobalSection(ExtensibilityGlobals) = postSolution
		SolutionGuid = {6DFE9EAE-103F-4A66-9366-34C0316DC5BC}
	EndGlobalSection
EndGlobal
