
Microsoft Visual Studio Solution File, Format Version 12.00
# Visual Studio Version 16
VisualStudioVersion = 16.0.31911.196
MinimumVisualStudioVersion = 10.0.40219.1
Project("{9A19103F-16F7-4668-BE54-9A1E7A4F7556}") = "harjoitus 4", "albumi\Albumi\harjoitus 4.csproj", "{AB405C94-783D-4846-BDA4-67B26F015C5D}"
EndProject
Project("{9A19103F-16F7-4668-BE54-9A1E7A4F7556}") = "harjoitus2", "..\harjoitus2\harjoitus2.csproj", "{DFF7CC9F-1118-4D8E-A8D1-1176F325BA08}"
EndProject
Project("{9A19103F-16F7-4668-BE54-9A1E7A4F7556}") = "harjoitus3", "harjoitus3\harjoitus3.csproj", "{D11EA2A7-9984-44C7-9233-C36577175EBD}"
EndProject
Project("{9A19103F-16F7-4668-BE54-9A1E7A4F7556}") = "laskin", "laskin\laskin.csproj", "{9B95309E-B524-49B3-8815-E6573E748843}"
EndProject
Project("{9A19103F-16F7-4668-BE54-9A1E7A4F7556}") = "harjoitus 6 eläimet", "harjoitus 6 eläimet\harjoitus 6 eläimet.csproj", "{F0404E5D-8054-41B3-9E90-D510A5BA1C07}"
EndProject
Project("{9A19103F-16F7-4668-BE54-9A1E7A4F7556}") = "harjoitus 7 hissi", "harjoitus 7 hissi\harjoitus 7 hissi.csproj", "{320A970D-0E65-4BAE-A3F4-AA564399E01D}"
EndProject
Project("{9A19103F-16F7-4668-BE54-9A1E7A4F7556}") = "harjoitus 8", "harjoitus 8\harjoitus 8.csproj", "{E5052865-E569-4A24-8F7A-F9D18DB2E8FB}"
EndProject
Project("{9A19103F-16F7-4668-BE54-9A1E7A4F7556}") = "harjoitus 9", "harjoitus 9\harjoitus 9.csproj", "{B6E38548-9247-46B8-96D6-77425C10717B}"
EndProject
Project("{9A19103F-16F7-4668-BE54-9A1E7A4F7556}") = "harjoitus 10", "harjoitus 10\harjoitus 10.csproj", "{255706FD-613F-4A3C-9EAD-B3FA9623C3AB}"
EndProject
Project("{9A19103F-16F7-4668-BE54-9A1E7A4F7556}") = "harjoitus 11", "harjoitus 11\harjoitus 11.csproj", "{4ADA2155-0D17-414F-A0AB-7FA3C1585FFF}"
EndProject
Project("{9A19103F-16F7-4668-BE54-9A1E7A4F7556}") = "harjoitus 12", "harjoitus 12\harjoitus 12.csproj", "{BBD81E77-CA48-4E62-B8A7-8146B51F37A7}"
EndProject
Project("{9A19103F-16F7-4668-BE54-9A1E7A4F7556}") = "harjoitus 144", "harjoitus 144\harjoitus 144.csproj", "{77A263F8-255C-4FEE-B83F-18D3C473DF23}"
EndProject
Project("{FAE04EC0-301F-11D3-BF4B-00C04F79EFBC}") = "harjoitus 155", "harjoitus 155\harjoitus 155.csproj", "{24A62653-FF66-48EF-9F9B-6DA2BA2FE0DD}"
EndProject
Project("{FAE04EC0-301F-11D3-BF4B-00C04F79EFBC}") = "harjoitus 17", "harjoitus 17\harjoitus 17.csproj", "{8B84B424-0B9E-47DA-A9E9-C77EF79D20D2}"
EndProject
Project("{FAE04EC0-301F-11D3-BF4B-00C04F79EFBC}") = "harjoitus 18", "harjoitus 18\harjoitus 18.csproj", "{3104DC7D-58AE-40ED-A951-D45089D807D9}"
EndProject
Project("{FAE04EC0-301F-11D3-BF4B-00C04F79EFBC}") = "harjoitus 1666", "harjoitus 1666\harjoitus 1666.csproj", "{6B0D6954-688B-4AEA-83B0-5DAE28D3D2A2}"
EndProject
Project("{FAE04EC0-301F-11D3-BF4B-00C04F79EFBC}") = "harjoitus 19", "harjoitus 19\harjoitus 19.csproj", "{8600141D-2A0A-4798-86D2-998C3C972775}"
EndProject
Project("{9A19103F-16F7-4668-BE54-9A1E7A4F7556}") = "harjoitus 3", "harjoitus 3\harjoitus 3.csproj", "{8CEE1DA5-8914-431A-AD1C-78522CD0FD3F}"
EndProject
Project("{FAE04EC0-301F-11D3-BF4B-00C04F79EFBC}") = "harjoitus 21", "harjoitus 21\harjoitus 21.csproj", "{1CF68BAF-597C-4534-919E-9FF4AB082942}"
EndProject
Project("{FAE04EC0-301F-11D3-BF4B-00C04F79EFBC}") = "harjoitus22", "harjoitus22\harjoitus22.csproj", "{0D62F0E0-C000-4400-9963-CE786806C3F8}"
EndProject
Project("{FAE04EC0-301F-11D3-BF4B-00C04F79EFBC}") = "harjoitus 24", "harjoitus 24\harjoitus 24.csproj", "{90A54BE3-F0D0-4D57-B3AA-2666C03A6336}"
EndProject
Project("{FAE04EC0-301F-11D3-BF4B-00C04F79EFBC}") = "harjoitus 25", "harjoitus 25\harjoitus 25.csproj", "{3FFCFCC2-D135-451C-B76E-5E2960E7074C}"
EndProject
Project("{FAE04EC0-301F-11D3-BF4B-00C04F79EFBC}") = "harjoitus 20 ei toimi", "harjoitus 20\harjoitus 20 ei toimi.csproj", "{1889FEBF-0FDA-4DF1-89E3-C976C86808A9}"
EndProject
Global
	GlobalSection(SolutionConfigurationPlatforms) = preSolution
		Debug|Any CPU = Debug|Any CPU
		Release|Any CPU = Release|Any CPU
	EndGlobalSection
	GlobalSection(ProjectConfigurationPlatforms) = postSolution
		{AB405C94-783D-4846-BDA4-67B26F015C5D}.Debug|Any CPU.ActiveCfg = Debug|Any CPU
		{AB405C94-783D-4846-BDA4-67B26F015C5D}.Debug|Any CPU.Build.0 = Debug|Any CPU
		{AB405C94-783D-4846-BDA4-67B26F015C5D}.Release|Any CPU.ActiveCfg = Release|Any CPU
		{AB405C94-783D-4846-BDA4-67B26F015C5D}.Release|Any CPU.Build.0 = Release|Any CPU
		{DFF7CC9F-1118-4D8E-A8D1-1176F325BA08}.Debug|Any CPU.ActiveCfg = Debug|Any CPU
		{DFF7CC9F-1118-4D8E-A8D1-1176F325BA08}.Debug|Any CPU.Build.0 = Debug|Any CPU
		{DFF7CC9F-1118-4D8E-A8D1-1176F325BA08}.Release|Any CPU.ActiveCfg = Release|Any CPU
		{DFF7CC9F-1118-4D8E-A8D1-1176F325BA08}.Release|Any CPU.Build.0 = Release|Any CPU
		{D11EA2A7-9984-44C7-9233-C36577175EBD}.Debug|Any CPU.ActiveCfg = Debug|Any CPU
		{D11EA2A7-9984-44C7-9233-C36577175EBD}.Debug|Any CPU.Build.0 = Debug|Any CPU
		{D11EA2A7-9984-44C7-9233-C36577175EBD}.Release|Any CPU.ActiveCfg = Release|Any CPU
		{D11EA2A7-9984-44C7-9233-C36577175EBD}.Release|Any CPU.Build.0 = Release|Any CPU
		{9B95309E-B524-49B3-8815-E6573E748843}.Debug|Any CPU.ActiveCfg = Debug|Any CPU
		{9B95309E-B524-49B3-8815-E6573E748843}.Debug|Any CPU.Build.0 = Debug|Any CPU
		{9B95309E-B524-49B3-8815-E6573E748843}.Release|Any CPU.ActiveCfg = Release|Any CPU
		{9B95309E-B524-49B3-8815-E6573E748843}.Release|Any CPU.Build.0 = Release|Any CPU
		{F0404E5D-8054-41B3-9E90-D510A5BA1C07}.Debug|Any CPU.ActiveCfg = Debug|Any CPU
		{F0404E5D-8054-41B3-9E90-D510A5BA1C07}.Debug|Any CPU.Build.0 = Debug|Any CPU
		{F0404E5D-8054-41B3-9E90-D510A5BA1C07}.Release|Any CPU.ActiveCfg = Release|Any CPU
		{F0404E5D-8054-41B3-9E90-D510A5BA1C07}.Release|Any CPU.Build.0 = Release|Any CPU
		{320A970D-0E65-4BAE-A3F4-AA564399E01D}.Debug|Any CPU.ActiveCfg = Debug|Any CPU
		{320A970D-0E65-4BAE-A3F4-AA564399E01D}.Debug|Any CPU.Build.0 = Debug|Any CPU
		{320A970D-0E65-4BAE-A3F4-AA564399E01D}.Release|Any CPU.ActiveCfg = Release|Any CPU
		{320A970D-0E65-4BAE-A3F4-AA564399E01D}.Release|Any CPU.Build.0 = Release|Any CPU
		{E5052865-E569-4A24-8F7A-F9D18DB2E8FB}.Debug|Any CPU.ActiveCfg = Debug|Any CPU
		{E5052865-E569-4A24-8F7A-F9D18DB2E8FB}.Debug|Any CPU.Build.0 = Debug|Any CPU
		{E5052865-E569-4A24-8F7A-F9D18DB2E8FB}.Release|Any CPU.ActiveCfg = Release|Any CPU
		{E5052865-E569-4A24-8F7A-F9D18DB2E8FB}.Release|Any CPU.Build.0 = Release|Any CPU
		{B6E38548-9247-46B8-96D6-77425C10717B}.Debug|Any CPU.ActiveCfg = Debug|Any CPU
		{B6E38548-9247-46B8-96D6-77425C10717B}.Debug|Any CPU.Build.0 = Debug|Any CPU
		{B6E38548-9247-46B8-96D6-77425C10717B}.Release|Any CPU.ActiveCfg = Release|Any CPU
		{B6E38548-9247-46B8-96D6-77425C10717B}.Release|Any CPU.Build.0 = Release|Any CPU
		{255706FD-613F-4A3C-9EAD-B3FA9623C3AB}.Debug|Any CPU.ActiveCfg = Debug|Any CPU
		{255706FD-613F-4A3C-9EAD-B3FA9623C3AB}.Debug|Any CPU.Build.0 = Debug|Any CPU
		{255706FD-613F-4A3C-9EAD-B3FA9623C3AB}.Release|Any CPU.ActiveCfg = Release|Any CPU
		{255706FD-613F-4A3C-9EAD-B3FA9623C3AB}.Release|Any CPU.Build.0 = Release|Any CPU
		{4ADA2155-0D17-414F-A0AB-7FA3C1585FFF}.Debug|Any CPU.ActiveCfg = Debug|Any CPU
		{4ADA2155-0D17-414F-A0AB-7FA3C1585FFF}.Debug|Any CPU.Build.0 = Debug|Any CPU
		{4ADA2155-0D17-414F-A0AB-7FA3C1585FFF}.Release|Any CPU.ActiveCfg = Release|Any CPU
		{4ADA2155-0D17-414F-A0AB-7FA3C1585FFF}.Release|Any CPU.Build.0 = Release|Any CPU
		{BBD81E77-CA48-4E62-B8A7-8146B51F37A7}.Debug|Any CPU.ActiveCfg = Debug|Any CPU
		{BBD81E77-CA48-4E62-B8A7-8146B51F37A7}.Debug|Any CPU.Build.0 = Debug|Any CPU
		{BBD81E77-CA48-4E62-B8A7-8146B51F37A7}.Release|Any CPU.ActiveCfg = Release|Any CPU
		{BBD81E77-CA48-4E62-B8A7-8146B51F37A7}.Release|Any CPU.Build.0 = Release|Any CPU
		{77A263F8-255C-4FEE-B83F-18D3C473DF23}.Debug|Any CPU.ActiveCfg = Debug|Any CPU
		{77A263F8-255C-4FEE-B83F-18D3C473DF23}.Debug|Any CPU.Build.0 = Debug|Any CPU
		{77A263F8-255C-4FEE-B83F-18D3C473DF23}.Release|Any CPU.ActiveCfg = Release|Any CPU
		{77A263F8-255C-4FEE-B83F-18D3C473DF23}.Release|Any CPU.Build.0 = Release|Any CPU
		{24A62653-FF66-48EF-9F9B-6DA2BA2FE0DD}.Debug|Any CPU.ActiveCfg = Debug|Any CPU
		{24A62653-FF66-48EF-9F9B-6DA2BA2FE0DD}.Debug|Any CPU.Build.0 = Debug|Any CPU
		{24A62653-FF66-48EF-9F9B-6DA2BA2FE0DD}.Release|Any CPU.ActiveCfg = Release|Any CPU
		{24A62653-FF66-48EF-9F9B-6DA2BA2FE0DD}.Release|Any CPU.Build.0 = Release|Any CPU
		{8B84B424-0B9E-47DA-A9E9-C77EF79D20D2}.Debug|Any CPU.ActiveCfg = Debug|Any CPU
		{8B84B424-0B9E-47DA-A9E9-C77EF79D20D2}.Debug|Any CPU.Build.0 = Debug|Any CPU
		{8B84B424-0B9E-47DA-A9E9-C77EF79D20D2}.Release|Any CPU.ActiveCfg = Release|Any CPU
		{8B84B424-0B9E-47DA-A9E9-C77EF79D20D2}.Release|Any CPU.Build.0 = Release|Any CPU
		{3104DC7D-58AE-40ED-A951-D45089D807D9}.Debug|Any CPU.ActiveCfg = Debug|Any CPU
		{3104DC7D-58AE-40ED-A951-D45089D807D9}.Debug|Any CPU.Build.0 = Debug|Any CPU
		{3104DC7D-58AE-40ED-A951-D45089D807D9}.Release|Any CPU.ActiveCfg = Release|Any CPU
		{3104DC7D-58AE-40ED-A951-D45089D807D9}.Release|Any CPU.Build.0 = Release|Any CPU
		{6B0D6954-688B-4AEA-83B0-5DAE28D3D2A2}.Debug|Any CPU.ActiveCfg = Debug|Any CPU
		{6B0D6954-688B-4AEA-83B0-5DAE28D3D2A2}.Debug|Any CPU.Build.0 = Debug|Any CPU
		{6B0D6954-688B-4AEA-83B0-5DAE28D3D2A2}.Release|Any CPU.ActiveCfg = Release|Any CPU
		{6B0D6954-688B-4AEA-83B0-5DAE28D3D2A2}.Release|Any CPU.Build.0 = Release|Any CPU
		{8600141D-2A0A-4798-86D2-998C3C972775}.Debug|Any CPU.ActiveCfg = Debug|Any CPU
		{8600141D-2A0A-4798-86D2-998C3C972775}.Debug|Any CPU.Build.0 = Debug|Any CPU
		{8600141D-2A0A-4798-86D2-998C3C972775}.Release|Any CPU.ActiveCfg = Release|Any CPU
		{8600141D-2A0A-4798-86D2-998C3C972775}.Release|Any CPU.Build.0 = Release|Any CPU
		{8CEE1DA5-8914-431A-AD1C-78522CD0FD3F}.Debug|Any CPU.ActiveCfg = Debug|Any CPU
		{8CEE1DA5-8914-431A-AD1C-78522CD0FD3F}.Debug|Any CPU.Build.0 = Debug|Any CPU
		{8CEE1DA5-8914-431A-AD1C-78522CD0FD3F}.Release|Any CPU.ActiveCfg = Release|Any CPU
		{8CEE1DA5-8914-431A-AD1C-78522CD0FD3F}.Release|Any CPU.Build.0 = Release|Any CPU
		{1CF68BAF-597C-4534-919E-9FF4AB082942}.Debug|Any CPU.ActiveCfg = Debug|Any CPU
		{1CF68BAF-597C-4534-919E-9FF4AB082942}.Debug|Any CPU.Build.0 = Debug|Any CPU
		{1CF68BAF-597C-4534-919E-9FF4AB082942}.Release|Any CPU.ActiveCfg = Release|Any CPU
		{1CF68BAF-597C-4534-919E-9FF4AB082942}.Release|Any CPU.Build.0 = Release|Any CPU
		{0D62F0E0-C000-4400-9963-CE786806C3F8}.Debug|Any CPU.ActiveCfg = Debug|Any CPU
		{0D62F0E0-C000-4400-9963-CE786806C3F8}.Debug|Any CPU.Build.0 = Debug|Any CPU
		{0D62F0E0-C000-4400-9963-CE786806C3F8}.Release|Any CPU.ActiveCfg = Release|Any CPU
		{0D62F0E0-C000-4400-9963-CE786806C3F8}.Release|Any CPU.Build.0 = Release|Any CPU
		{90A54BE3-F0D0-4D57-B3AA-2666C03A6336}.Debug|Any CPU.ActiveCfg = Debug|Any CPU
		{90A54BE3-F0D0-4D57-B3AA-2666C03A6336}.Debug|Any CPU.Build.0 = Debug|Any CPU
		{90A54BE3-F0D0-4D57-B3AA-2666C03A6336}.Release|Any CPU.ActiveCfg = Release|Any CPU
		{90A54BE3-F0D0-4D57-B3AA-2666C03A6336}.Release|Any CPU.Build.0 = Release|Any CPU
		{3FFCFCC2-D135-451C-B76E-5E2960E7074C}.Debug|Any CPU.ActiveCfg = Debug|Any CPU
		{3FFCFCC2-D135-451C-B76E-5E2960E7074C}.Debug|Any CPU.Build.0 = Debug|Any CPU
		{3FFCFCC2-D135-451C-B76E-5E2960E7074C}.Release|Any CPU.ActiveCfg = Release|Any CPU
		{3FFCFCC2-D135-451C-B76E-5E2960E7074C}.Release|Any CPU.Build.0 = Release|Any CPU
		{1889FEBF-0FDA-4DF1-89E3-C976C86808A9}.Debug|Any CPU.ActiveCfg = Debug|Any CPU
		{1889FEBF-0FDA-4DF1-89E3-C976C86808A9}.Debug|Any CPU.Build.0 = Debug|Any CPU
		{1889FEBF-0FDA-4DF1-89E3-C976C86808A9}.Release|Any CPU.ActiveCfg = Release|Any CPU
		{1889FEBF-0FDA-4DF1-89E3-C976C86808A9}.Release|Any CPU.Build.0 = Release|Any CPU
	EndGlobalSection
	GlobalSection(SolutionProperties) = preSolution
		HideSolutionNode = FALSE
	EndGlobalSection
	GlobalSection(ExtensibilityGlobals) = postSolution
		SolutionGuid = {6DFE9EAE-103F-4A66-9366-34C0316DC5BC}
	EndGlobalSection
EndGlobal
